
Microsoft Visual Studio Solution File, Format Version 12.00
# Visual Studio 15
VisualStudioVersion = 15.0.26403.7
MinimumVisualStudioVersion = 10.0.40219.1
Project("{8BC9CEB8-8B4A-11D0-8D11-00A0C91BC942}") = "SimpleNumbers", "SimpleNumbers\SimpleNumbers.vcxproj", "{B56F06D2-82A1-4A01-98F5-ABFA4863F52F}"
	ProjectSection(ProjectDependencies) = postProject
		{FFC18652-2305-4C6C-9A36-AF57E5D63128} = {FFC18652-2305-4C6C-9A36-AF57E5D63128}
	EndProjectSection
EndProject
Project("{8BC9CEB8-8B4A-11D0-8D11-00A0C91BC942}") = "PrimaryNumbersLib", "PrimaryNumbersLib\PrimaryNumbersLib.vcxproj", "{FFC18652-2305-4C6C-9A36-AF57E5D63128}"
EndProject
Project("{8BC9CEB8-8B4A-11D0-8D11-00A0C91BC942}") = "Utils", "Utils\Utils.vcxproj", "{AE782E9D-92C7-4418-B259-D23BC8944ECD}"
EndProject
Global
	GlobalSection(SolutionConfigurationPlatforms) = preSolution
		Debug|x64 = Debug|x64
		Debug|x86 = Debug|x86
		Release|x64 = Release|x64
		Release|x86 = Release|x86
	EndGlobalSection
	GlobalSection(ProjectConfigurationPlatforms) = postSolution
		{B56F06D2-82A1-4A01-98F5-ABFA4863F52F}.Debug|x64.ActiveCfg = Debug|x64
		{B56F06D2-82A1-4A01-98F5-ABFA4863F52F}.Debug|x64.Build.0 = Debug|x64
		{B56F06D2-82A1-4A01-98F5-ABFA4863F52F}.Debug|x86.ActiveCfg = Debug|Win32
		{B56F06D2-82A1-4A01-98F5-ABFA4863F52F}.Debug|x86.Build.0 = Debug|Win32
		{B56F06D2-82A1-4A01-98F5-ABFA4863F52F}.Release|x64.ActiveCfg = Release|x64
		{B56F06D2-82A1-4A01-98F5-ABFA4863F52F}.Release|x64.Build.0 = Release|x64
		{B56F06D2-82A1-4A01-98F5-ABFA4863F52F}.Release|x86.ActiveCfg = Release|Win32
		{B56F06D2-82A1-4A01-98F5-ABFA4863F52F}.Release|x86.Build.0 = Release|Win32
		{FFC18652-2305-4C6C-9A36-AF57E5D63128}.Debug|x64.ActiveCfg = Debug|x64
		{FFC18652-2305-4C6C-9A36-AF57E5D63128}.Debug|x64.Build.0 = Debug|x64
		{FFC18652-2305-4C6C-9A36-AF57E5D63128}.Debug|x86.ActiveCfg = Debug|Win32
		{FFC18652-2305-4C6C-9A36-AF57E5D63128}.Debug|x86.Build.0 = Debug|Win32
		{FFC18652-2305-4C6C-9A36-AF57E5D63128}.Release|x64.ActiveCfg = Release|x64
		{FFC18652-2305-4C6C-9A36-AF57E5D63128}.Release|x64.Build.0 = Release|x64
		{FFC18652-2305-4C6C-9A36-AF57E5D63128}.Release|x86.ActiveCfg = Release|Win32
		{FFC18652-2305-4C6C-9A36-AF57E5D63128}.Release|x86.Build.0 = Release|Win32
		{AE782E9D-92C7-4418-B259-D23BC8944ECD}.Debug|x64.ActiveCfg = Debug|x64
		{AE782E9D-92C7-4418-B259-D23BC8944ECD}.Debug|x64.Build.0 = Debug|x64
		{AE782E9D-92C7-4418-B259-D23BC8944ECD}.Debug|x86.ActiveCfg = Debug|Win32
		{AE782E9D-92C7-4418-B259-D23BC8944ECD}.Debug|x86.Build.0 = Debug|Win32
		{AE782E9D-92C7-4418-B259-D23BC8944ECD}.Release|x64.ActiveCfg = Release|x64
		{AE782E9D-92C7-4418-B259-D23BC8944ECD}.Release|x64.Build.0 = Release|x64
		{AE782E9D-92C7-4418-B259-D23BC8944ECD}.Release|x86.ActiveCfg = Release|Win32
		{AE782E9D-92C7-4418-B259-D23BC8944ECD}.Release|x86.Build.0 = Release|Win32
	EndGlobalSection
	GlobalSection(SolutionProperties) = preSolution
		HideSolutionNode = FALSE
	EndGlobalSection
EndGlobal
